// !$*UTF8*$!
{
	archiveVersion = 1;
	classes = {
	};
	objectVersion = 54;
	objects = {

/* Begin PBXBuildFile section */
		00E356F31AD99517003FC87E /* AlphaCargoTests.m in Sources */ = {isa = PBXBuildFile; fileRef = 00E356F21AD99517003FC87E /* AlphaCargoTests.m */; };
		07081A456E2A4791ABBEA84D /* Futura XBlk BT.ttf in Resources */ = {isa = PBXBuildFile; fileRef = 6A7A788856F140B9A1A44186 /* Futura XBlk BT.ttf */; };
		0C80B921A6F3F58F76C31292 /* libPods-AlphaCargo.a in Frameworks */ = {isa = PBXBuildFile; fileRef = 5DCACB8F33CDC322A6C60F78 /* libPods-AlphaCargo.a */; };
		13B07FBC1A68108700A75B9A /* AppDelegate.mm in Sources */ = {isa = PBXBuildFile; fileRef = 13B07FB01A68108700A75B9A /* AppDelegate.mm */; };
		13B07FBF1A68108700A75B9A /* Images.xcassets in Resources */ = {isa = PBXBuildFile; fileRef = 13B07FB51A68108700A75B9A /* Images.xcassets */; };
		13B07FC11A68108700A75B9A /* main.m in Sources */ = {isa = PBXBuildFile; fileRef = 13B07FB71A68108700A75B9A /* main.m */; };
		23E465312ABB4BACB8363F68 /* tt0205m_.ttf in Resources */ = {isa = PBXBuildFile; fileRef = B6EB2DB6F12E48369AEE5A49 /* tt0205m_.ttf */; };
		37C89627F0C640F5BD56C049 /* Futura Light font.ttf in Resources */ = {isa = PBXBuildFile; fileRef = 9FCA184DF8C2426985E5026E /* Futura Light font.ttf */; };
		39E92A0C5E4A44B6846C5E67 /* futura medium bt.ttf in Resources */ = {isa = PBXBuildFile; fileRef = 82C26C8A4AFB4A2A99E665B4 /* futura medium bt.ttf */; };
		3A3D22095A6241ACBF644420 /* Futura Bold font.ttf in Resources */ = {isa = PBXBuildFile; fileRef = EFCE8D7990D442A68F4D18E0 /* Futura Bold font.ttf */; };
		3A95E25B69F54A559C31C04B /* unicode.futurabb.ttf in Resources */ = {isa = PBXBuildFile; fileRef = FA911096FD274BC48450FF88 /* unicode.futurabb.ttf */; };
		3AEBBFD81A804D68AE9D04D1 /* futura light bt.ttf in Resources */ = {isa = PBXBuildFile; fileRef = F95F93E8C96C463F801F6BF2 /* futura light bt.ttf */; };
		560C119C966D43178D688C9C /* Futura Heavy font.ttf in Resources */ = {isa = PBXBuildFile; fileRef = 69B8092EEE5D4542A88D7383 /* Futura Heavy font.ttf */; };
		585C433EE9324068B00C055B /* unicode.futurab.ttf in Resources */ = {isa = PBXBuildFile; fileRef = E9E37E5BB99B46949705E714 /* unicode.futurab.ttf */; };
		65A68030242A4C82ACEA08B6 /* Futura Light Italic font.ttf in Resources */ = {isa = PBXBuildFile; fileRef = 6587A276297B48BFACB61B24 /* Futura Light Italic font.ttf */; };
		67B5867878744598B24CCA50 /* Futura Bold Italic font.ttf in Resources */ = {isa = PBXBuildFile; fileRef = 07FA606BAE7C47ECAD2344E1 /* Futura Bold Italic font.ttf */; };
		6A67CD6396C04A5F9C7C7DBA /* Futura Medium Italic font.ttf in Resources */ = {isa = PBXBuildFile; fileRef = A00228BB9F0E4850BF560E2B /* Futura Medium Italic font.ttf */; };
		6CF6254E82404275814DBD8B /* futur.ttf in Resources */ = {isa = PBXBuildFile; fileRef = 2DF48A58ADA9465CAFC1D479 /* futur.ttf */; };
		7439E1D1998F495CA9FA2BA2 /* Futura Book font.ttf in Resources */ = {isa = PBXBuildFile; fileRef = EC98544E28DC4F769E8E4132 /* Futura Book font.ttf */; };
		7699B88040F8A987B510C191 /* libPods-AlphaCargo-AlphaCargoTests.a in Frameworks */ = {isa = PBXBuildFile; fileRef = 19F6CBCC0A4E27FBF8BF4A61 /* libPods-AlphaCargo-AlphaCargoTests.a */; };
		81AB9BB82411601600AC10FF /* LaunchScreen.storyboard in Resources */ = {isa = PBXBuildFile; fileRef = 81AB9BB72411601600AC10FF /* LaunchScreen.storyboard */; };
		87EB853221CC49A988AF4B28 /* Futura Heavy Italic font.ttf in Resources */ = {isa = PBXBuildFile; fileRef = 560B985C5467447ABFAF23FC /* Futura Heavy Italic font.ttf */; };
		A628C503362F4FDF939C8359 /* Futura-CondensedLight.otf in Resources */ = {isa = PBXBuildFile; fileRef = 4728135C0CF741968D7182B8 /* Futura-CondensedLight.otf */; };
		B9125E696EF44679A0CDE0A2 /* Futura Extra Black font.ttf in Resources */ = {isa = PBXBuildFile; fileRef = BBFB7590D09F43B7A700AB4D /* Futura Extra Black font.ttf */; };
		CAF29DE6031B4D23B157573F /* Futura Book Italic font.ttf in Resources */ = {isa = PBXBuildFile; fileRef = A32B7B885D044D6B8565CE03 /* Futura Book Italic font.ttf */; };
		ED18AB349AD54D2FAD3094E7 /* futura medium condensed bt.ttf in Resources */ = {isa = PBXBuildFile; fileRef = D598B86A45764960879DF9F4 /* futura medium condensed bt.ttf */; };
		EDE315CDB47B49678E2680EC /* sharefonts.net.txt in Resources */ = {isa = PBXBuildFile; fileRef = D63585EB329E47548D3D96DD /* sharefonts.net.txt */; };
		F31C89A523D58D0492880550 /* PrivacyInfo.xcprivacy in Resources */ = {isa = PBXBuildFile; fileRef = 50592F6DDA2751EE769E3165 /* PrivacyInfo.xcprivacy */; };
		963CAC4D8B544DB6A696925D /* Exo2-Black.otf in Resources */ = {isa = PBXBuildFile; fileRef = 49DACD8980484DEC843D68E6 /* Exo2-Black.otf */; };
		1162070E7927434FA544E660 /* Exo2-BlackItalic.otf in Resources */ = {isa = PBXBuildFile; fileRef = 4833BC0C7E9944DE9B002416 /* Exo2-BlackItalic.otf */; };
		C392173523EA4DE5B61CCEB8 /* Exo2-Bold.otf in Resources */ = {isa = PBXBuildFile; fileRef = 0FE89734391B49078C1552D3 /* Exo2-Bold.otf */; };
		234CD3197FC740ECA2526C24 /* Exo2-BoldItalic.otf in Resources */ = {isa = PBXBuildFile; fileRef = 641ABE51555F4A94817EB7C0 /* Exo2-BoldItalic.otf */; };
		F24690550C8D4281BF878D3C /* Exo2-ExtraBold.otf in Resources */ = {isa = PBXBuildFile; fileRef = 716B0AF1B14D4A419CE41E37 /* Exo2-ExtraBold.otf */; };
		36FDC7A16A944BE3824ABE13 /* Exo2-ExtraBoldItalic.otf in Resources */ = {isa = PBXBuildFile; fileRef = D46261B36738449C99743C3A /* Exo2-ExtraBoldItalic.otf */; };
		6C07D028983A4D69ACCBC1D3 /* Exo2-ExtraLight.otf in Resources */ = {isa = PBXBuildFile; fileRef = 56A1B882387449BF9D9C9C97 /* Exo2-ExtraLight.otf */; };
		63745110DB53421D980CCCCD /* Exo2-ExtraLightItalic.otf in Resources */ = {isa = PBXBuildFile; fileRef = A19141AF60064A019DC0CC66 /* Exo2-ExtraLightItalic.otf */; };
		8055FB3EC2E447499450CA43 /* Exo2-Italic.otf in Resources */ = {isa = PBXBuildFile; fileRef = 79E8F15F4F694420BB50B719 /* Exo2-Italic.otf */; };
		BE47399AF1064655B5990840 /* Exo2-Light.otf in Resources */ = {isa = PBXBuildFile; fileRef = 625E524CF0D346D296F2ADA4 /* Exo2-Light.otf */; };
		8849BE105BF040C29553E347 /* Exo2-LightItalic.otf in Resources */ = {isa = PBXBuildFile; fileRef = 10179ED00E0E415882DAA843 /* Exo2-LightItalic.otf */; };
		F66E8D8EAB734338A3C0E6E2 /* Exo2-Medium.otf in Resources */ = {isa = PBXBuildFile; fileRef = BF97AD0506284F25B8E96EE3 /* Exo2-Medium.otf */; };
		B5AE1EBC5CA04FF8A22C5115 /* Exo2-MediumItalic.otf in Resources */ = {isa = PBXBuildFile; fileRef = AC334EB3BCAC4F7CBB37F745 /* Exo2-MediumItalic.otf */; };
		762867F819D54266B354A66C /* Exo2-Regular.otf in Resources */ = {isa = PBXBuildFile; fileRef = FF65801975ED4FA596CA98C9 /* Exo2-Regular.otf */; };
		7AE2190D68C6453E941923FC /* Exo2-SemiBold.otf in Resources */ = {isa = PBXBuildFile; fileRef = E9F327A378634956AD526932 /* Exo2-SemiBold.otf */; };
		2349029B5E894F58A0A82525 /* Exo2-SemiBoldItalic.otf in Resources */ = {isa = PBXBuildFile; fileRef = 7F5EDB8A7B6A4E13A2DB546E /* Exo2-SemiBoldItalic.otf */; };
		F53FF59F3A7B4A1DAD2C4C65 /* Exo2-Thin.otf in Resources */ = {isa = PBXBuildFile; fileRef = BFF4490D99E04BB4B457CDAF /* Exo2-Thin.otf */; };
		1008F5A396E7462EBF777742 /* Exo2-ThinItalic.otf in Resources */ = {isa = PBXBuildFile; fileRef = 9AD8E663339E48F4BECC7A3E /* Exo2-ThinItalic.otf */; };
/* End PBXBuildFile section */

/* Begin PBXContainerItemProxy section */
		00E356F41AD99517003FC87E /* PBXContainerItemProxy */ = {
			isa = PBXContainerItemProxy;
			containerPortal = 83CBB9F71A601CBA00E9B192 /* Project object */;
			proxyType = 1;
			remoteGlobalIDString = 13B07F861A680F5B00A75B9A;
			remoteInfo = AlphaCargo;
		};
/* End PBXContainerItemProxy section */

/* Begin PBXFileReference section */
		00E356EE1AD99517003FC87E /* AlphaCargoTests.xctest */ = {isa = PBXFileReference; explicitFileType = wrapper.cfbundle; includeInIndex = 0; path = AlphaCargoTests.xctest; sourceTree = BUILT_PRODUCTS_DIR; };
		00E356F11AD99517003FC87E /* Info.plist */ = {isa = PBXFileReference; lastKnownFileType = text.plist.xml; path = Info.plist; sourceTree = "<group>"; };
		00E356F21AD99517003FC87E /* AlphaCargoTests.m */ = {isa = PBXFileReference; lastKnownFileType = sourcecode.c.objc; path = AlphaCargoTests.m; sourceTree = "<group>"; };
		07FA606BAE7C47ECAD2344E1 /* Futura Bold Italic font.ttf */ = {isa = PBXFileReference; explicitFileType = undefined; fileEncoding = undefined; includeInIndex = 0; lastKnownFileType = unknown; name = "Futura Bold Italic font.ttf"; path = "../assets/fonts/Futura Bold Italic font.ttf"; sourceTree = "<group>"; };
		13B07F961A680F5B00A75B9A /* AlphaCargo.app */ = {isa = PBXFileReference; explicitFileType = wrapper.application; includeInIndex = 0; path = AlphaCargo.app; sourceTree = BUILT_PRODUCTS_DIR; };
		13B07FAF1A68108700A75B9A /* AppDelegate.h */ = {isa = PBXFileReference; fileEncoding = 4; lastKnownFileType = sourcecode.c.h; name = AppDelegate.h; path = AlphaCargo/AppDelegate.h; sourceTree = "<group>"; };
		13B07FB01A68108700A75B9A /* AppDelegate.mm */ = {isa = PBXFileReference; fileEncoding = 4; lastKnownFileType = sourcecode.cpp.objcpp; name = AppDelegate.mm; path = AlphaCargo/AppDelegate.mm; sourceTree = "<group>"; };
		13B07FB51A68108700A75B9A /* Images.xcassets */ = {isa = PBXFileReference; lastKnownFileType = folder.assetcatalog; name = Images.xcassets; path = AlphaCargo/Images.xcassets; sourceTree = "<group>"; };
		13B07FB61A68108700A75B9A /* Info.plist */ = {isa = PBXFileReference; fileEncoding = 4; lastKnownFileType = text.plist.xml; name = Info.plist; path = AlphaCargo/Info.plist; sourceTree = "<group>"; };
		13B07FB71A68108700A75B9A /* main.m */ = {isa = PBXFileReference; fileEncoding = 4; lastKnownFileType = sourcecode.c.objc; name = main.m; path = AlphaCargo/main.m; sourceTree = "<group>"; };
		13B07FB81A68108700A75B9A /* PrivacyInfo.xcprivacy */ = {isa = PBXFileReference; fileEncoding = 4; lastKnownFileType = text.plist.xml; name = PrivacyInfo.xcprivacy; path = AlphaCargo/PrivacyInfo.xcprivacy; sourceTree = "<group>"; };
		19F6CBCC0A4E27FBF8BF4A61 /* libPods-AlphaCargo-AlphaCargoTests.a */ = {isa = PBXFileReference; explicitFileType = archive.ar; includeInIndex = 0; path = "libPods-AlphaCargo-AlphaCargoTests.a"; sourceTree = BUILT_PRODUCTS_DIR; };
		2DF48A58ADA9465CAFC1D479 /* futur.ttf */ = {isa = PBXFileReference; explicitFileType = undefined; fileEncoding = undefined; includeInIndex = 0; lastKnownFileType = unknown; name = futur.ttf; path = ../assets/fonts/futur.ttf; sourceTree = "<group>"; };
		3B4392A12AC88292D35C810B /* Pods-AlphaCargo.debug.xcconfig */ = {isa = PBXFileReference; includeInIndex = 1; lastKnownFileType = text.xcconfig; name = "Pods-AlphaCargo.debug.xcconfig"; path = "Target Support Files/Pods-AlphaCargo/Pods-AlphaCargo.debug.xcconfig"; sourceTree = "<group>"; };
		4728135C0CF741968D7182B8 /* Futura-CondensedLight.otf */ = {isa = PBXFileReference; explicitFileType = undefined; fileEncoding = undefined; includeInIndex = 0; lastKnownFileType = unknown; name = "Futura-CondensedLight.otf"; path = "../assets/fonts/Futura-CondensedLight.otf"; sourceTree = "<group>"; };
		50592F6DDA2751EE769E3165 /* PrivacyInfo.xcprivacy */ = {isa = PBXFileReference; includeInIndex = 1; lastKnownFileType = text.xml; name = PrivacyInfo.xcprivacy; path = AlphaCargo/PrivacyInfo.xcprivacy; sourceTree = "<group>"; };
		560B985C5467447ABFAF23FC /* Futura Heavy Italic font.ttf */ = {isa = PBXFileReference; explicitFileType = undefined; fileEncoding = undefined; includeInIndex = 0; lastKnownFileType = unknown; name = "Futura Heavy Italic font.ttf"; path = "../assets/fonts/Futura Heavy Italic font.ttf"; sourceTree = "<group>"; };
		5709B34CF0A7D63546082F79 /* Pods-AlphaCargo.release.xcconfig */ = {isa = PBXFileReference; includeInIndex = 1; lastKnownFileType = text.xcconfig; name = "Pods-AlphaCargo.release.xcconfig"; path = "Target Support Files/Pods-AlphaCargo/Pods-AlphaCargo.release.xcconfig"; sourceTree = "<group>"; };
		5B7EB9410499542E8C5724F5 /* Pods-AlphaCargo-AlphaCargoTests.debug.xcconfig */ = {isa = PBXFileReference; includeInIndex = 1; lastKnownFileType = text.xcconfig; name = "Pods-AlphaCargo-AlphaCargoTests.debug.xcconfig"; path = "Target Support Files/Pods-AlphaCargo-AlphaCargoTests/Pods-AlphaCargo-AlphaCargoTests.debug.xcconfig"; sourceTree = "<group>"; };
		5DCACB8F33CDC322A6C60F78 /* libPods-AlphaCargo.a */ = {isa = PBXFileReference; explicitFileType = archive.ar; includeInIndex = 0; path = "libPods-AlphaCargo.a"; sourceTree = BUILT_PRODUCTS_DIR; };
		6587A276297B48BFACB61B24 /* Futura Light Italic font.ttf */ = {isa = PBXFileReference; explicitFileType = undefined; fileEncoding = undefined; includeInIndex = 0; lastKnownFileType = unknown; name = "Futura Light Italic font.ttf"; path = "../assets/fonts/Futura Light Italic font.ttf"; sourceTree = "<group>"; };
		69B8092EEE5D4542A88D7383 /* Futura Heavy font.ttf */ = {isa = PBXFileReference; explicitFileType = undefined; fileEncoding = undefined; includeInIndex = 0; lastKnownFileType = unknown; name = "Futura Heavy font.ttf"; path = "../assets/fonts/Futura Heavy font.ttf"; sourceTree = "<group>"; };
		6A7A788856F140B9A1A44186 /* Futura XBlk BT.ttf */ = {isa = PBXFileReference; explicitFileType = undefined; fileEncoding = undefined; includeInIndex = 0; lastKnownFileType = unknown; name = "Futura XBlk BT.ttf"; path = "../assets/fonts/Futura XBlk BT.ttf"; sourceTree = "<group>"; };
		81AB9BB72411601600AC10FF /* LaunchScreen.storyboard */ = {isa = PBXFileReference; fileEncoding = 4; lastKnownFileType = file.storyboard; name = LaunchScreen.storyboard; path = AlphaCargo/LaunchScreen.storyboard; sourceTree = "<group>"; };
		82C26C8A4AFB4A2A99E665B4 /* futura medium bt.ttf */ = {isa = PBXFileReference; explicitFileType = undefined; fileEncoding = undefined; includeInIndex = 0; lastKnownFileType = unknown; name = "futura medium bt.ttf"; path = "../assets/fonts/futura medium bt.ttf"; sourceTree = "<group>"; };
		89C6BE57DB24E9ADA2F236DE /* Pods-AlphaCargo-AlphaCargoTests.release.xcconfig */ = {isa = PBXFileReference; includeInIndex = 1; lastKnownFileType = text.xcconfig; name = "Pods-AlphaCargo-AlphaCargoTests.release.xcconfig"; path = "Target Support Files/Pods-AlphaCargo-AlphaCargoTests/Pods-AlphaCargo-AlphaCargoTests.release.xcconfig"; sourceTree = "<group>"; };
		9FCA184DF8C2426985E5026E /* Futura Light font.ttf */ = {isa = PBXFileReference; explicitFileType = undefined; fileEncoding = undefined; includeInIndex = 0; lastKnownFileType = unknown; name = "Futura Light font.ttf"; path = "../assets/fonts/Futura Light font.ttf"; sourceTree = "<group>"; };
		A00228BB9F0E4850BF560E2B /* Futura Medium Italic font.ttf */ = {isa = PBXFileReference; explicitFileType = undefined; fileEncoding = undefined; includeInIndex = 0; lastKnownFileType = unknown; name = "Futura Medium Italic font.ttf"; path = "../assets/fonts/Futura Medium Italic font.ttf"; sourceTree = "<group>"; };
		A32B7B885D044D6B8565CE03 /* Futura Book Italic font.ttf */ = {isa = PBXFileReference; explicitFileType = undefined; fileEncoding = undefined; includeInIndex = 0; lastKnownFileType = unknown; name = "Futura Book Italic font.ttf"; path = "../assets/fonts/Futura Book Italic font.ttf"; sourceTree = "<group>"; };
		B6EB2DB6F12E48369AEE5A49 /* tt0205m_.ttf */ = {isa = PBXFileReference; explicitFileType = undefined; fileEncoding = undefined; includeInIndex = 0; lastKnownFileType = unknown; name = tt0205m_.ttf; path = ../assets/fonts/tt0205m_.ttf; sourceTree = "<group>"; };
		BBFB7590D09F43B7A700AB4D /* Futura Extra Black font.ttf */ = {isa = PBXFileReference; explicitFileType = undefined; fileEncoding = undefined; includeInIndex = 0; lastKnownFileType = unknown; name = "Futura Extra Black font.ttf"; path = "../assets/fonts/Futura Extra Black font.ttf"; sourceTree = "<group>"; };
		D598B86A45764960879DF9F4 /* futura medium condensed bt.ttf */ = {isa = PBXFileReference; explicitFileType = undefined; fileEncoding = undefined; includeInIndex = 0; lastKnownFileType = unknown; name = "futura medium condensed bt.ttf"; path = "../assets/fonts/futura medium condensed bt.ttf"; sourceTree = "<group>"; };
		D63585EB329E47548D3D96DD /* sharefonts.net.txt */ = {isa = PBXFileReference; explicitFileType = undefined; fileEncoding = undefined; includeInIndex = 0; lastKnownFileType = unknown; name = sharefonts.net.txt; path = ../assets/fonts/sharefonts.net.txt; sourceTree = "<group>"; };
		E9E37E5BB99B46949705E714 /* unicode.futurab.ttf */ = {isa = PBXFileReference; explicitFileType = undefined; fileEncoding = undefined; includeInIndex = 0; lastKnownFileType = unknown; name = unicode.futurab.ttf; path = ../assets/fonts/unicode.futurab.ttf; sourceTree = "<group>"; };
		EC98544E28DC4F769E8E4132 /* Futura Book font.ttf */ = {isa = PBXFileReference; explicitFileType = undefined; fileEncoding = undefined; includeInIndex = 0; lastKnownFileType = unknown; name = "Futura Book font.ttf"; path = "../assets/fonts/Futura Book font.ttf"; sourceTree = "<group>"; };
		ED297162215061F000B7C4FE /* JavaScriptCore.framework */ = {isa = PBXFileReference; lastKnownFileType = wrapper.framework; name = JavaScriptCore.framework; path = System/Library/Frameworks/JavaScriptCore.framework; sourceTree = SDKROOT; };
		EFCE8D7990D442A68F4D18E0 /* Futura Bold font.ttf */ = {isa = PBXFileReference; explicitFileType = undefined; fileEncoding = undefined; includeInIndex = 0; lastKnownFileType = unknown; name = "Futura Bold font.ttf"; path = "../assets/fonts/Futura Bold font.ttf"; sourceTree = "<group>"; };
		F95F93E8C96C463F801F6BF2 /* futura light bt.ttf */ = {isa = PBXFileReference; explicitFileType = undefined; fileEncoding = undefined; includeInIndex = 0; lastKnownFileType = unknown; name = "futura light bt.ttf"; path = "../assets/fonts/futura light bt.ttf"; sourceTree = "<group>"; };
		FA911096FD274BC48450FF88 /* unicode.futurabb.ttf */ = {isa = PBXFileReference; explicitFileType = undefined; fileEncoding = undefined; includeInIndex = 0; lastKnownFileType = unknown; name = unicode.futurabb.ttf; path = ../assets/fonts/unicode.futurabb.ttf; sourceTree = "<group>"; };
		49DACD8980484DEC843D68E6 /* Exo2-Black.otf */ = {isa = PBXFileReference; name = "Exo2-Black.otf"; path = "../assets/fonts/Exo2-Black.otf"; sourceTree = "<group>"; fileEncoding = undefined; lastKnownFileType = unknown; explicitFileType = undefined; includeInIndex = 0; };
		4833BC0C7E9944DE9B002416 /* Exo2-BlackItalic.otf */ = {isa = PBXFileReference; name = "Exo2-BlackItalic.otf"; path = "../assets/fonts/Exo2-BlackItalic.otf"; sourceTree = "<group>"; fileEncoding = undefined; lastKnownFileType = unknown; explicitFileType = undefined; includeInIndex = 0; };
		0FE89734391B49078C1552D3 /* Exo2-Bold.otf */ = {isa = PBXFileReference; name = "Exo2-Bold.otf"; path = "../assets/fonts/Exo2-Bold.otf"; sourceTree = "<group>"; fileEncoding = undefined; lastKnownFileType = unknown; explicitFileType = undefined; includeInIndex = 0; };
		641ABE51555F4A94817EB7C0 /* Exo2-BoldItalic.otf */ = {isa = PBXFileReference; name = "Exo2-BoldItalic.otf"; path = "../assets/fonts/Exo2-BoldItalic.otf"; sourceTree = "<group>"; fileEncoding = undefined; lastKnownFileType = unknown; explicitFileType = undefined; includeInIndex = 0; };
		716B0AF1B14D4A419CE41E37 /* Exo2-ExtraBold.otf */ = {isa = PBXFileReference; name = "Exo2-ExtraBold.otf"; path = "../assets/fonts/Exo2-ExtraBold.otf"; sourceTree = "<group>"; fileEncoding = undefined; lastKnownFileType = unknown; explicitFileType = undefined; includeInIndex = 0; };
		D46261B36738449C99743C3A /* Exo2-ExtraBoldItalic.otf */ = {isa = PBXFileReference; name = "Exo2-ExtraBoldItalic.otf"; path = "../assets/fonts/Exo2-ExtraBoldItalic.otf"; sourceTree = "<group>"; fileEncoding = undefined; lastKnownFileType = unknown; explicitFileType = undefined; includeInIndex = 0; };
		56A1B882387449BF9D9C9C97 /* Exo2-ExtraLight.otf */ = {isa = PBXFileReference; name = "Exo2-ExtraLight.otf"; path = "../assets/fonts/Exo2-ExtraLight.otf"; sourceTree = "<group>"; fileEncoding = undefined; lastKnownFileType = unknown; explicitFileType = undefined; includeInIndex = 0; };
		A19141AF60064A019DC0CC66 /* Exo2-ExtraLightItalic.otf */ = {isa = PBXFileReference; name = "Exo2-ExtraLightItalic.otf"; path = "../assets/fonts/Exo2-ExtraLightItalic.otf"; sourceTree = "<group>"; fileEncoding = undefined; lastKnownFileType = unknown; explicitFileType = undefined; includeInIndex = 0; };
		79E8F15F4F694420BB50B719 /* Exo2-Italic.otf */ = {isa = PBXFileReference; name = "Exo2-Italic.otf"; path = "../assets/fonts/Exo2-Italic.otf"; sourceTree = "<group>"; fileEncoding = undefined; lastKnownFileType = unknown; explicitFileType = undefined; includeInIndex = 0; };
		625E524CF0D346D296F2ADA4 /* Exo2-Light.otf */ = {isa = PBXFileReference; name = "Exo2-Light.otf"; path = "../assets/fonts/Exo2-Light.otf"; sourceTree = "<group>"; fileEncoding = undefined; lastKnownFileType = unknown; explicitFileType = undefined; includeInIndex = 0; };
		10179ED00E0E415882DAA843 /* Exo2-LightItalic.otf */ = {isa = PBXFileReference; name = "Exo2-LightItalic.otf"; path = "../assets/fonts/Exo2-LightItalic.otf"; sourceTree = "<group>"; fileEncoding = undefined; lastKnownFileType = unknown; explicitFileType = undefined; includeInIndex = 0; };
		BF97AD0506284F25B8E96EE3 /* Exo2-Medium.otf */ = {isa = PBXFileReference; name = "Exo2-Medium.otf"; path = "../assets/fonts/Exo2-Medium.otf"; sourceTree = "<group>"; fileEncoding = undefined; lastKnownFileType = unknown; explicitFileType = undefined; includeInIndex = 0; };
		AC334EB3BCAC4F7CBB37F745 /* Exo2-MediumItalic.otf */ = {isa = PBXFileReference; name = "Exo2-MediumItalic.otf"; path = "../assets/fonts/Exo2-MediumItalic.otf"; sourceTree = "<group>"; fileEncoding = undefined; lastKnownFileType = unknown; explicitFileType = undefined; includeInIndex = 0; };
		FF65801975ED4FA596CA98C9 /* Exo2-Regular.otf */ = {isa = PBXFileReference; name = "Exo2-Regular.otf"; path = "../assets/fonts/Exo2-Regular.otf"; sourceTree = "<group>"; fileEncoding = undefined; lastKnownFileType = unknown; explicitFileType = undefined; includeInIndex = 0; };
		E9F327A378634956AD526932 /* Exo2-SemiBold.otf */ = {isa = PBXFileReference; name = "Exo2-SemiBold.otf"; path = "../assets/fonts/Exo2-SemiBold.otf"; sourceTree = "<group>"; fileEncoding = undefined; lastKnownFileType = unknown; explicitFileType = undefined; includeInIndex = 0; };
		7F5EDB8A7B6A4E13A2DB546E /* Exo2-SemiBoldItalic.otf */ = {isa = PBXFileReference; name = "Exo2-SemiBoldItalic.otf"; path = "../assets/fonts/Exo2-SemiBoldItalic.otf"; sourceTree = "<group>"; fileEncoding = undefined; lastKnownFileType = unknown; explicitFileType = undefined; includeInIndex = 0; };
		BFF4490D99E04BB4B457CDAF /* Exo2-Thin.otf */ = {isa = PBXFileReference; name = "Exo2-Thin.otf"; path = "../assets/fonts/Exo2-Thin.otf"; sourceTree = "<group>"; fileEncoding = undefined; lastKnownFileType = unknown; explicitFileType = undefined; includeInIndex = 0; };
		9AD8E663339E48F4BECC7A3E /* Exo2-ThinItalic.otf */ = {isa = PBXFileReference; name = "Exo2-ThinItalic.otf"; path = "../assets/fonts/Exo2-ThinItalic.otf"; sourceTree = "<group>"; fileEncoding = undefined; lastKnownFileType = unknown; explicitFileType = undefined; includeInIndex = 0; };
/* End PBXFileReference section */

/* Begin PBXFrameworksBuildPhase section */
		00E356EB1AD99517003FC87E /* Frameworks */ = {
			isa = PBXFrameworksBuildPhase;
			buildActionMask = 2147483647;
			files = (
				7699B88040F8A987B510C191 /* libPods-AlphaCargo-AlphaCargoTests.a in Frameworks */,
			);
			runOnlyForDeploymentPostprocessing = 0;
		};
		13B07F8C1A680F5B00A75B9A /* Frameworks */ = {
			isa = PBXFrameworksBuildPhase;
			buildActionMask = 2147483647;
			files = (
				0C80B921A6F3F58F76C31292 /* libPods-AlphaCargo.a in Frameworks */,
			);
			runOnlyForDeploymentPostprocessing = 0;
		};
/* End PBXFrameworksBuildPhase section */

/* Begin PBXGroup section */
		00E356EF1AD99517003FC87E /* AlphaCargoTests */ = {
			isa = PBXGroup;
			children = (
				00E356F21AD99517003FC87E /* AlphaCargoTests.m */,
				00E356F01AD99517003FC87E /* Supporting Files */,
			);
			path = AlphaCargoTests;
			sourceTree = "<group>";
		};
		00E356F01AD99517003FC87E /* Supporting Files */ = {
			isa = PBXGroup;
			children = (
				00E356F11AD99517003FC87E /* Info.plist */,
			);
			name = "Supporting Files";
			sourceTree = "<group>";
		};
		13B07FAE1A68108700A75B9A /* AlphaCargo */ = {
			isa = PBXGroup;
			children = (
				13B07FAF1A68108700A75B9A /* AppDelegate.h */,
				13B07FB01A68108700A75B9A /* AppDelegate.mm */,
				13B07FB51A68108700A75B9A /* Images.xcassets */,
				13B07FB61A68108700A75B9A /* Info.plist */,
				81AB9BB72411601600AC10FF /* LaunchScreen.storyboard */,
				13B07FB71A68108700A75B9A /* main.m */,
				13B07FB81A68108700A75B9A /* PrivacyInfo.xcprivacy */,
				50592F6DDA2751EE769E3165 /* PrivacyInfo.xcprivacy */,
			);
			name = AlphaCargo;
			sourceTree = "<group>";
		};
		2D16E6871FA4F8E400B85C8A /* Frameworks */ = {
			isa = PBXGroup;
			children = (
				ED297162215061F000B7C4FE /* JavaScriptCore.framework */,
				5DCACB8F33CDC322A6C60F78 /* libPods-AlphaCargo.a */,
				19F6CBCC0A4E27FBF8BF4A61 /* libPods-AlphaCargo-AlphaCargoTests.a */,
			);
			name = Frameworks;
			sourceTree = "<group>";
		};
		832341AE1AAA6A7D00B99B32 /* Libraries */ = {
			isa = PBXGroup;
			children = (
			);
			name = Libraries;
			sourceTree = "<group>";
		};
		83CBB9F61A601CBA00E9B192 = {
			isa = PBXGroup;
			children = (
				13B07FAE1A68108700A75B9A /* AlphaCargo */,
				832341AE1AAA6A7D00B99B32 /* Libraries */,
				00E356EF1AD99517003FC87E /* AlphaCargoTests */,
				83CBBA001A601CBA00E9B192 /* Products */,
				2D16E6871FA4F8E400B85C8A /* Frameworks */,
				BBD78D7AC51CEA395F1C20DB /* Pods */,
				F47667C521B748C8A5C44303 /* Resources */,
			);
			indentWidth = 2;
			sourceTree = "<group>";
			tabWidth = 2;
			usesTabs = 0;
		};
		83CBBA001A601CBA00E9B192 /* Products */ = {
			isa = PBXGroup;
			children = (
				13B07F961A680F5B00A75B9A /* AlphaCargo.app */,
				00E356EE1AD99517003FC87E /* AlphaCargoTests.xctest */,
			);
			name = Products;
			sourceTree = "<group>";
		};
		BBD78D7AC51CEA395F1C20DB /* Pods */ = {
			isa = PBXGroup;
			children = (
				3B4392A12AC88292D35C810B /* Pods-AlphaCargo.debug.xcconfig */,
				5709B34CF0A7D63546082F79 /* Pods-AlphaCargo.release.xcconfig */,
				5B7EB9410499542E8C5724F5 /* Pods-AlphaCargo-AlphaCargoTests.debug.xcconfig */,
				89C6BE57DB24E9ADA2F236DE /* Pods-AlphaCargo-AlphaCargoTests.release.xcconfig */,
			);
			path = Pods;
			sourceTree = "<group>";
		};
		F47667C521B748C8A5C44303 /* Resources */ = {
			isa = PBXGroup;
			children = (
				4728135C0CF741968D7182B8 /* Futura-CondensedLight.otf */,
				07FA606BAE7C47ECAD2344E1 /* Futura Bold Italic font.ttf */,
				EFCE8D7990D442A68F4D18E0 /* Futura Bold font.ttf */,
				A32B7B885D044D6B8565CE03 /* Futura Book Italic font.ttf */,
				EC98544E28DC4F769E8E4132 /* Futura Book font.ttf */,
				BBFB7590D09F43B7A700AB4D /* Futura Extra Black font.ttf */,
				560B985C5467447ABFAF23FC /* Futura Heavy Italic font.ttf */,
				69B8092EEE5D4542A88D7383 /* Futura Heavy font.ttf */,
				6587A276297B48BFACB61B24 /* Futura Light Italic font.ttf */,
				9FCA184DF8C2426985E5026E /* Futura Light font.ttf */,
				A00228BB9F0E4850BF560E2B /* Futura Medium Italic font.ttf */,
				6A7A788856F140B9A1A44186 /* Futura XBlk BT.ttf */,
				2DF48A58ADA9465CAFC1D479 /* futur.ttf */,
				F95F93E8C96C463F801F6BF2 /* futura light bt.ttf */,
				82C26C8A4AFB4A2A99E665B4 /* futura medium bt.ttf */,
				D598B86A45764960879DF9F4 /* futura medium condensed bt.ttf */,
				B6EB2DB6F12E48369AEE5A49 /* tt0205m_.ttf */,
				E9E37E5BB99B46949705E714 /* unicode.futurab.ttf */,
				FA911096FD274BC48450FF88 /* unicode.futurabb.ttf */,
				D63585EB329E47548D3D96DD /* sharefonts.net.txt */,
				49DACD8980484DEC843D68E6 /* Exo2-Black.otf */,
				4833BC0C7E9944DE9B002416 /* Exo2-BlackItalic.otf */,
				0FE89734391B49078C1552D3 /* Exo2-Bold.otf */,
				641ABE51555F4A94817EB7C0 /* Exo2-BoldItalic.otf */,
				716B0AF1B14D4A419CE41E37 /* Exo2-ExtraBold.otf */,
				D46261B36738449C99743C3A /* Exo2-ExtraBoldItalic.otf */,
				56A1B882387449BF9D9C9C97 /* Exo2-ExtraLight.otf */,
				A19141AF60064A019DC0CC66 /* Exo2-ExtraLightItalic.otf */,
				79E8F15F4F694420BB50B719 /* Exo2-Italic.otf */,
				625E524CF0D346D296F2ADA4 /* Exo2-Light.otf */,
				10179ED00E0E415882DAA843 /* Exo2-LightItalic.otf */,
				BF97AD0506284F25B8E96EE3 /* Exo2-Medium.otf */,
				AC334EB3BCAC4F7CBB37F745 /* Exo2-MediumItalic.otf */,
				FF65801975ED4FA596CA98C9 /* Exo2-Regular.otf */,
				E9F327A378634956AD526932 /* Exo2-SemiBold.otf */,
				7F5EDB8A7B6A4E13A2DB546E /* Exo2-SemiBoldItalic.otf */,
				BFF4490D99E04BB4B457CDAF /* Exo2-Thin.otf */,
				9AD8E663339E48F4BECC7A3E /* Exo2-ThinItalic.otf */,
			);
			name = Resources;
			path = "";
			sourceTree = "<group>";
		};
/* End PBXGroup section */

/* Begin PBXNativeTarget section */
		00E356ED1AD99517003FC87E /* AlphaCargoTests */ = {
			isa = PBXNativeTarget;
			buildConfigurationList = 00E357021AD99517003FC87E /* Build configuration list for PBXNativeTarget "AlphaCargoTests" */;
			buildPhases = (
				A55EABD7B0C7F3A422A6CC61 /* [CP] Check Pods Manifest.lock */,
				00E356EA1AD99517003FC87E /* Sources */,
				00E356EB1AD99517003FC87E /* Frameworks */,
				00E356EC1AD99517003FC87E /* Resources */,
				C59DA0FBD6956966B86A3779 /* [CP] Embed Pods Frameworks */,
				F6A41C54EA430FDDC6A6ED99 /* [CP] Copy Pods Resources */,
			);
			buildRules = (
			);
			dependencies = (
				00E356F51AD99517003FC87E /* PBXTargetDependency */,
			);
			name = AlphaCargoTests;
			productName = AlphaCargoTests;
			productReference = 00E356EE1AD99517003FC87E /* AlphaCargoTests.xctest */;
			productType = "com.apple.product-type.bundle.unit-test";
		};
		13B07F861A680F5B00A75B9A /* AlphaCargo */ = {
			isa = PBXNativeTarget;
			buildConfigurationList = 13B07F931A680F5B00A75B9A /* Build configuration list for PBXNativeTarget "AlphaCargo" */;
			buildPhases = (
				C38B50BA6285516D6DCD4F65 /* [CP] Check Pods Manifest.lock */,
				13B07F871A680F5B00A75B9A /* Sources */,
				13B07F8C1A680F5B00A75B9A /* Frameworks */,
				13B07F8E1A680F5B00A75B9A /* Resources */,
				00DD1BFF1BD5951E006B06BC /* Bundle React Native code and images */,
				00EEFC60759A1932668264C0 /* [CP] Embed Pods Frameworks */,
				E235C05ADACE081382539298 /* [CP] Copy Pods Resources */,
			);
			buildRules = (
			);
			dependencies = (
			);
			name = AlphaCargo;
			productName = AlphaCargo;
			productReference = 13B07F961A680F5B00A75B9A /* AlphaCargo.app */;
			productType = "com.apple.product-type.application";
		};
/* End PBXNativeTarget section */

/* Begin PBXProject section */
		83CBB9F71A601CBA00E9B192 /* Project object */ = {
			isa = PBXProject;
			attributes = {
				LastUpgradeCheck = 1210;
				TargetAttributes = {
					00E356ED1AD99517003FC87E = {
						CreatedOnToolsVersion = 6.2;
						TestTargetID = 13B07F861A680F5B00A75B9A;
					};
					13B07F861A680F5B00A75B9A = {
						LastSwiftMigration = 1120;
					};
				};
			};
			buildConfigurationList = 83CBB9FA1A601CBA00E9B192 /* Build configuration list for PBXProject "AlphaCargo" */;
			compatibilityVersion = "Xcode 12.0";
			developmentRegion = en;
			hasScannedForEncodings = 0;
			knownRegions = (
				en,
				Base,
			);
			mainGroup = 83CBB9F61A601CBA00E9B192;
			productRefGroup = 83CBBA001A601CBA00E9B192 /* Products */;
			projectDirPath = "";
			projectRoot = "";
			targets = (
				13B07F861A680F5B00A75B9A /* AlphaCargo */,
				00E356ED1AD99517003FC87E /* AlphaCargoTests */,
			);
		};
/* End PBXProject section */

/* Begin PBXResourcesBuildPhase section */
		00E356EC1AD99517003FC87E /* Resources */ = {
			isa = PBXResourcesBuildPhase;
			buildActionMask = 2147483647;
			files = (
			);
			runOnlyForDeploymentPostprocessing = 0;
		};
		13B07F8E1A680F5B00A75B9A /* Resources */ = {
			isa = PBXResourcesBuildPhase;
			buildActionMask = 2147483647;
			files = (
				81AB9BB82411601600AC10FF /* LaunchScreen.storyboard in Resources */,
				13B07FBF1A68108700A75B9A /* Images.xcassets in Resources */,
				F31C89A523D58D0492880550 /* PrivacyInfo.xcprivacy in Resources */,
				A628C503362F4FDF939C8359 /* Futura-CondensedLight.otf in Resources */,
				67B5867878744598B24CCA50 /* Futura Bold Italic font.ttf in Resources */,
				3A3D22095A6241ACBF644420 /* Futura Bold font.ttf in Resources */,
				CAF29DE6031B4D23B157573F /* Futura Book Italic font.ttf in Resources */,
				7439E1D1998F495CA9FA2BA2 /* Futura Book font.ttf in Resources */,
				B9125E696EF44679A0CDE0A2 /* Futura Extra Black font.ttf in Resources */,
				87EB853221CC49A988AF4B28 /* Futura Heavy Italic font.ttf in Resources */,
				560C119C966D43178D688C9C /* Futura Heavy font.ttf in Resources */,
				65A68030242A4C82ACEA08B6 /* Futura Light Italic font.ttf in Resources */,
				37C89627F0C640F5BD56C049 /* Futura Light font.ttf in Resources */,
				6A67CD6396C04A5F9C7C7DBA /* Futura Medium Italic font.ttf in Resources */,
				07081A456E2A4791ABBEA84D /* Futura XBlk BT.ttf in Resources */,
				6CF6254E82404275814DBD8B /* futur.ttf in Resources */,
				3AEBBFD81A804D68AE9D04D1 /* futura light bt.ttf in Resources */,
				39E92A0C5E4A44B6846C5E67 /* futura medium bt.ttf in Resources */,
				ED18AB349AD54D2FAD3094E7 /* futura medium condensed bt.ttf in Resources */,
				23E465312ABB4BACB8363F68 /* tt0205m_.ttf in Resources */,
				585C433EE9324068B00C055B /* unicode.futurab.ttf in Resources */,
				3A95E25B69F54A559C31C04B /* unicode.futurabb.ttf in Resources */,
				EDE315CDB47B49678E2680EC /* sharefonts.net.txt in Resources */,
				963CAC4D8B544DB6A696925D /* Exo2-Black.otf in Resources */,
				1162070E7927434FA544E660 /* Exo2-BlackItalic.otf in Resources */,
				C392173523EA4DE5B61CCEB8 /* Exo2-Bold.otf in Resources */,
				234CD3197FC740ECA2526C24 /* Exo2-BoldItalic.otf in Resources */,
				F24690550C8D4281BF878D3C /* Exo2-ExtraBold.otf in Resources */,
				36FDC7A16A944BE3824ABE13 /* Exo2-ExtraBoldItalic.otf in Resources */,
				6C07D028983A4D69ACCBC1D3 /* Exo2-ExtraLight.otf in Resources */,
				63745110DB53421D980CCCCD /* Exo2-ExtraLightItalic.otf in Resources */,
				8055FB3EC2E447499450CA43 /* Exo2-Italic.otf in Resources */,
				BE47399AF1064655B5990840 /* Exo2-Light.otf in Resources */,
				8849BE105BF040C29553E347 /* Exo2-LightItalic.otf in Resources */,
				F66E8D8EAB734338A3C0E6E2 /* Exo2-Medium.otf in Resources */,
				B5AE1EBC5CA04FF8A22C5115 /* Exo2-MediumItalic.otf in Resources */,
				762867F819D54266B354A66C /* Exo2-Regular.otf in Resources */,
				7AE2190D68C6453E941923FC /* Exo2-SemiBold.otf in Resources */,
				2349029B5E894F58A0A82525 /* Exo2-SemiBoldItalic.otf in Resources */,
				F53FF59F3A7B4A1DAD2C4C65 /* Exo2-Thin.otf in Resources */,
				1008F5A396E7462EBF777742 /* Exo2-ThinItalic.otf in Resources */,
			);
			runOnlyForDeploymentPostprocessing = 0;
		};
/* End PBXResourcesBuildPhase section */

/* Begin PBXShellScriptBuildPhase section */
		00DD1BFF1BD5951E006B06BC /* Bundle React Native code and images */ = {
			isa = PBXShellScriptBuildPhase;
			buildActionMask = 2147483647;
			files = (
			);
			inputPaths = (
				"$(SRCROOT)/.xcode.env.local",
				"$(SRCROOT)/.xcode.env",
			);
			name = "Bundle React Native code and images";
			outputPaths = (
			);
			runOnlyForDeploymentPostprocessing = 0;
			shellPath = /bin/sh;
			shellScript = "set -e\n\nWITH_ENVIRONMENT=\"$REACT_NATIVE_PATH/scripts/xcode/with-environment.sh\"\nREACT_NATIVE_XCODE=\"$REACT_NATIVE_PATH/scripts/react-native-xcode.sh\"\n\n/bin/sh -c \"$WITH_ENVIRONMENT $REACT_NATIVE_XCODE\"\n";
		};
		00EEFC60759A1932668264C0 /* [CP] Embed Pods Frameworks */ = {
			isa = PBXShellScriptBuildPhase;
			buildActionMask = 2147483647;
			files = (
			);
			inputFileListPaths = (
				"${PODS_ROOT}/Target Support Files/Pods-AlphaCargo/Pods-AlphaCargo-frameworks-${CONFIGURATION}-input-files.xcfilelist",
			);
			name = "[CP] Embed Pods Frameworks";
			outputFileListPaths = (
				"${PODS_ROOT}/Target Support Files/Pods-AlphaCargo/Pods-AlphaCargo-frameworks-${CONFIGURATION}-output-files.xcfilelist",
			);
			runOnlyForDeploymentPostprocessing = 0;
			shellPath = /bin/sh;
			shellScript = "\"${PODS_ROOT}/Target Support Files/Pods-AlphaCargo/Pods-AlphaCargo-frameworks.sh\"\n";
			showEnvVarsInLog = 0;
		};
		A55EABD7B0C7F3A422A6CC61 /* [CP] Check Pods Manifest.lock */ = {
			isa = PBXShellScriptBuildPhase;
			buildActionMask = 2147483647;
			files = (
			);
			inputFileListPaths = (
			);
			inputPaths = (
				"${PODS_PODFILE_DIR_PATH}/Podfile.lock",
				"${PODS_ROOT}/Manifest.lock",
			);
			name = "[CP] Check Pods Manifest.lock";
			outputFileListPaths = (
			);
			outputPaths = (
				"$(DERIVED_FILE_DIR)/Pods-AlphaCargo-AlphaCargoTests-checkManifestLockResult.txt",
			);
			runOnlyForDeploymentPostprocessing = 0;
			shellPath = /bin/sh;
			shellScript = "diff \"${PODS_PODFILE_DIR_PATH}/Podfile.lock\" \"${PODS_ROOT}/Manifest.lock\" > /dev/null\nif [ $? != 0 ] ; then\n    # print error to STDERR\n    echo \"error: The sandbox is not in sync with the Podfile.lock. Run 'pod install' or update your CocoaPods installation.\" >&2\n    exit 1\nfi\n# This output is used by Xcode 'outputs' to avoid re-running this script phase.\necho \"SUCCESS\" > \"${SCRIPT_OUTPUT_FILE_0}\"\n";
			showEnvVarsInLog = 0;
		};
		C38B50BA6285516D6DCD4F65 /* [CP] Check Pods Manifest.lock */ = {
			isa = PBXShellScriptBuildPhase;
			buildActionMask = 2147483647;
			files = (
			);
			inputFileListPaths = (
			);
			inputPaths = (
				"${PODS_PODFILE_DIR_PATH}/Podfile.lock",
				"${PODS_ROOT}/Manifest.lock",
			);
			name = "[CP] Check Pods Manifest.lock";
			outputFileListPaths = (
			);
			outputPaths = (
				"$(DERIVED_FILE_DIR)/Pods-AlphaCargo-checkManifestLockResult.txt",
			);
			runOnlyForDeploymentPostprocessing = 0;
			shellPath = /bin/sh;
			shellScript = "diff \"${PODS_PODFILE_DIR_PATH}/Podfile.lock\" \"${PODS_ROOT}/Manifest.lock\" > /dev/null\nif [ $? != 0 ] ; then\n    # print error to STDERR\n    echo \"error: The sandbox is not in sync with the Podfile.lock. Run 'pod install' or update your CocoaPods installation.\" >&2\n    exit 1\nfi\n# This output is used by Xcode 'outputs' to avoid re-running this script phase.\necho \"SUCCESS\" > \"${SCRIPT_OUTPUT_FILE_0}\"\n";
			showEnvVarsInLog = 0;
		};
		C59DA0FBD6956966B86A3779 /* [CP] Embed Pods Frameworks */ = {
			isa = PBXShellScriptBuildPhase;
			buildActionMask = 2147483647;
			files = (
			);
			inputFileListPaths = (
				"${PODS_ROOT}/Target Support Files/Pods-AlphaCargo-AlphaCargoTests/Pods-AlphaCargo-AlphaCargoTests-frameworks-${CONFIGURATION}-input-files.xcfilelist",
			);
			name = "[CP] Embed Pods Frameworks";
			outputFileListPaths = (
				"${PODS_ROOT}/Target Support Files/Pods-AlphaCargo-AlphaCargoTests/Pods-AlphaCargo-AlphaCargoTests-frameworks-${CONFIGURATION}-output-files.xcfilelist",
			);
			runOnlyForDeploymentPostprocessing = 0;
			shellPath = /bin/sh;
			shellScript = "\"${PODS_ROOT}/Target Support Files/Pods-AlphaCargo-AlphaCargoTests/Pods-AlphaCargo-AlphaCargoTests-frameworks.sh\"\n";
			showEnvVarsInLog = 0;
		};
		E235C05ADACE081382539298 /* [CP] Copy Pods Resources */ = {
			isa = PBXShellScriptBuildPhase;
			buildActionMask = 2147483647;
			files = (
			);
			inputFileListPaths = (
				"${PODS_ROOT}/Target Support Files/Pods-AlphaCargo/Pods-AlphaCargo-resources-${CONFIGURATION}-input-files.xcfilelist",
			);
			name = "[CP] Copy Pods Resources";
			outputFileListPaths = (
				"${PODS_ROOT}/Target Support Files/Pods-AlphaCargo/Pods-AlphaCargo-resources-${CONFIGURATION}-output-files.xcfilelist",
			);
			runOnlyForDeploymentPostprocessing = 0;
			shellPath = /bin/sh;
			shellScript = "\"${PODS_ROOT}/Target Support Files/Pods-AlphaCargo/Pods-AlphaCargo-resources.sh\"\n";
			showEnvVarsInLog = 0;
		};
		F6A41C54EA430FDDC6A6ED99 /* [CP] Copy Pods Resources */ = {
			isa = PBXShellScriptBuildPhase;
			buildActionMask = 2147483647;
			files = (
			);
			inputFileListPaths = (
				"${PODS_ROOT}/Target Support Files/Pods-AlphaCargo-AlphaCargoTests/Pods-AlphaCargo-AlphaCargoTests-resources-${CONFIGURATION}-input-files.xcfilelist",
			);
			name = "[CP] Copy Pods Resources";
			outputFileListPaths = (
				"${PODS_ROOT}/Target Support Files/Pods-AlphaCargo-AlphaCargoTests/Pods-AlphaCargo-AlphaCargoTests-resources-${CONFIGURATION}-output-files.xcfilelist",
			);
			runOnlyForDeploymentPostprocessing = 0;
			shellPath = /bin/sh;
			shellScript = "\"${PODS_ROOT}/Target Support Files/Pods-AlphaCargo-AlphaCargoTests/Pods-AlphaCargo-AlphaCargoTests-resources.sh\"\n";
			showEnvVarsInLog = 0;
		};
/* End PBXShellScriptBuildPhase section */

/* Begin PBXSourcesBuildPhase section */
		00E356EA1AD99517003FC87E /* Sources */ = {
			isa = PBXSourcesBuildPhase;
			buildActionMask = 2147483647;
			files = (
				00E356F31AD99517003FC87E /* AlphaCargoTests.m in Sources */,
			);
			runOnlyForDeploymentPostprocessing = 0;
		};
		13B07F871A680F5B00A75B9A /* Sources */ = {
			isa = PBXSourcesBuildPhase;
			buildActionMask = 2147483647;
			files = (
				13B07FBC1A68108700A75B9A /* AppDelegate.mm in Sources */,
				13B07FC11A68108700A75B9A /* main.m in Sources */,
			);
			runOnlyForDeploymentPostprocessing = 0;
		};
/* End PBXSourcesBuildPhase section */

/* Begin PBXTargetDependency section */
		00E356F51AD99517003FC87E /* PBXTargetDependency */ = {
			isa = PBXTargetDependency;
			target = 13B07F861A680F5B00A75B9A /* AlphaCargo */;
			targetProxy = 00E356F41AD99517003FC87E /* PBXContainerItemProxy */;
		};
/* End PBXTargetDependency section */

/* Begin XCBuildConfiguration section */
		00E356F61AD99517003FC87E /* Debug */ = {
			isa = XCBuildConfiguration;
			baseConfigurationReference = 5B7EB9410499542E8C5724F5 /* Pods-AlphaCargo-AlphaCargoTests.debug.xcconfig */;
			buildSettings = {
				BUNDLE_LOADER = "$(TEST_HOST)";
				GCC_PREPROCESSOR_DEFINITIONS = (
					"DEBUG=1",
					"$(inherited)",
				);
				INFOPLIST_FILE = AlphaCargoTests/Info.plist;
				IPHONEOS_DEPLOYMENT_TARGET = 13.4;
				LD_RUNPATH_SEARCH_PATHS = (
					"$(inherited)",
					"@executable_path/Frameworks",
					"@loader_path/Frameworks",
				);
				OTHER_LDFLAGS = (
					"-ObjC",
					"-lc++",
					"$(inherited)",
				);
				PRODUCT_BUNDLE_IDENTIFIER = com.alpha.cargo;
				PRODUCT_NAME = "$(TARGET_NAME)";
				TEST_HOST = "$(BUILT_PRODUCTS_DIR)/AlphaCargo.app/AlphaCargo";
			};
			name = Debug;
		};
		00E356F71AD99517003FC87E /* Release */ = {
			isa = XCBuildConfiguration;
			baseConfigurationReference = 89C6BE57DB24E9ADA2F236DE /* Pods-AlphaCargo-AlphaCargoTests.release.xcconfig */;
			buildSettings = {
				BUNDLE_LOADER = "$(TEST_HOST)";
				COPY_PHASE_STRIP = NO;
				INFOPLIST_FILE = AlphaCargoTests/Info.plist;
				IPHONEOS_DEPLOYMENT_TARGET = 13.4;
				LD_RUNPATH_SEARCH_PATHS = (
					"$(inherited)",
					"@executable_path/Frameworks",
					"@loader_path/Frameworks",
				);
				OTHER_LDFLAGS = (
					"-ObjC",
					"-lc++",
					"$(inherited)",
				);
				PRODUCT_BUNDLE_IDENTIFIER = com.alpha.cargo;
				PRODUCT_NAME = "$(TARGET_NAME)";
				TEST_HOST = "$(BUILT_PRODUCTS_DIR)/AlphaCargo.app/AlphaCargo";
			};
			name = Release;
		};
		13B07F941A680F5B00A75B9A /* Debug */ = {
			isa = XCBuildConfiguration;
			baseConfigurationReference = 3B4392A12AC88292D35C810B /* Pods-AlphaCargo.debug.xcconfig */;
			buildSettings = {
				ASSETCATALOG_COMPILER_APPICON_NAME = AppIcon;
				CLANG_ENABLE_MODULES = YES;
				CURRENT_PROJECT_VERSION = 7;
				DEVELOPMENT_TEAM = MT38PK5TC6;
				ENABLE_BITCODE = NO;
				INFOPLIST_FILE = AlphaCargo/Info.plist;
				INFOPLIST_KEY_CFBundleDisplayName = AlphaCargo;
				LD_RUNPATH_SEARCH_PATHS = (
					"$(inherited)",
					"@executable_path/Frameworks",
				);
				MARKETING_VERSION = 1.0.1;
				OTHER_LDFLAGS = (
					"$(inherited)",
					"-ObjC",
					"-lc++",
				);
				PRODUCT_BUNDLE_IDENTIFIER = com.alpha.cargo;
				PRODUCT_NAME = AlphaCargo;
				SWIFT_OPTIMIZATION_LEVEL = "-Onone";
				SWIFT_VERSION = 5.0;
				VERSIONING_SYSTEM = "apple-generic";
			};
			name = Debug;
		};
		13B07F951A680F5B00A75B9A /* Release */ = {
			isa = XCBuildConfiguration;
			baseConfigurationReference = 5709B34CF0A7D63546082F79 /* Pods-AlphaCargo.release.xcconfig */;
			buildSettings = {
				ASSETCATALOG_COMPILER_APPICON_NAME = AppIcon;
				CLANG_ENABLE_MODULES = YES;
				CURRENT_PROJECT_VERSION = 7;
				DEVELOPMENT_TEAM = MT38PK5TC6;
				INFOPLIST_FILE = AlphaCargo/Info.plist;
				INFOPLIST_KEY_CFBundleDisplayName = AlphaCargo;
				LD_RUNPATH_SEARCH_PATHS = (
					"$(inherited)",
					"@executable_path/Frameworks",
				);
				MARKETING_VERSION = 1.0.1;
				OTHER_LDFLAGS = (
					"$(inherited)",
					"-ObjC",
					"-lc++",
				);
				PRODUCT_BUNDLE_IDENTIFIER = com.alpha.cargo;
				PRODUCT_NAME = AlphaCargo;
				SWIFT_VERSION = 5.0;
				VERSIONING_SYSTEM = "apple-generic";
			};
			name = Release;
		};
		83CBBA201A601CBA00E9B192 /* Debug */ = {
			isa = XCBuildConfiguration;
			buildSettings = {
				ALWAYS_SEARCH_USER_PATHS = NO;
				CC = "";
				CLANG_ANALYZER_LOCALIZABILITY_NONLOCALIZED = YES;
				CLANG_CXX_LANGUAGE_STANDARD = "c++20";
				CLANG_CXX_LIBRARY = "libc++";
				CLANG_ENABLE_MODULES = YES;
				CLANG_ENABLE_OBJC_ARC = YES;
				CLANG_WARN_BLOCK_CAPTURE_AUTORELEASING = YES;
				CLANG_WARN_BOOL_CONVERSION = YES;
				CLANG_WARN_COMMA = YES;
				CLANG_WARN_CONSTANT_CONVERSION = YES;
				CLANG_WARN_DEPRECATED_OBJC_IMPLEMENTATIONS = YES;
				CLANG_WARN_DIRECT_OBJC_ISA_USAGE = YES_ERROR;
				CLANG_WARN_EMPTY_BODY = YES;
				CLANG_WARN_ENUM_CONVERSION = YES;
				CLANG_WARN_INFINITE_RECURSION = YES;
				CLANG_WARN_INT_CONVERSION = YES;
				CLANG_WARN_NON_LITERAL_NULL_CONVERSION = YES;
				CLANG_WARN_OBJC_IMPLICIT_RETAIN_SELF = YES;
				CLANG_WARN_OBJC_LITERAL_CONVERSION = YES;
				CLANG_WARN_OBJC_ROOT_CLASS = YES_ERROR;
				CLANG_WARN_QUOTED_INCLUDE_IN_FRAMEWORK_HEADER = YES;
				CLANG_WARN_RANGE_LOOP_ANALYSIS = YES;
				CLANG_WARN_STRICT_PROTOTYPES = YES;
				CLANG_WARN_SUSPICIOUS_MOVE = YES;
				CLANG_WARN_UNREACHABLE_CODE = YES;
				CLANG_WARN__DUPLICATE_METHOD_MATCH = YES;
				"CODE_SIGN_IDENTITY[sdk=iphoneos*]" = "iPhone Developer";
				COPY_PHASE_STRIP = NO;
				CXX = "";
				ENABLE_STRICT_OBJC_MSGSEND = YES;
				ENABLE_TESTABILITY = YES;
				"EXCLUDED_ARCHS[sdk=iphonesimulator*]" = "";
				GCC_C_LANGUAGE_STANDARD = gnu99;
				GCC_DYNAMIC_NO_PIC = NO;
				GCC_NO_COMMON_BLOCKS = YES;
				GCC_OPTIMIZATION_LEVEL = 0;
				GCC_PREPROCESSOR_DEFINITIONS = (
					"DEBUG=1",
					"$(inherited)",
				);
				GCC_SYMBOLS_PRIVATE_EXTERN = NO;
				GCC_WARN_64_TO_32_BIT_CONVERSION = YES;
				GCC_WARN_ABOUT_RETURN_TYPE = YES_ERROR;
				GCC_WARN_UNDECLARED_SELECTOR = YES;
				GCC_WARN_UNINITIALIZED_AUTOS = YES_AGGRESSIVE;
				GCC_WARN_UNUSED_FUNCTION = YES;
				GCC_WARN_UNUSED_VARIABLE = YES;
				IPHONEOS_DEPLOYMENT_TARGET = 13.4;
				LD = "";
				LDPLUSPLUS = "";
				LD_RUNPATH_SEARCH_PATHS = (
					/usr/lib/swift,
					"$(inherited)",
				);
				LIBRARY_SEARCH_PATHS = (
					"\"$(SDKROOT)/usr/lib/swift\"",
					"\"$(TOOLCHAIN_DIR)/usr/lib/swift/$(PLATFORM_NAME)\"",
					"\"$(inherited)\"",
				);
				MTL_ENABLE_DEBUG_INFO = YES;
				ONLY_ACTIVE_ARCH = YES;
				OTHER_CPLUSPLUSFLAGS = (
					"$(OTHER_CFLAGS)",
					"-DFOLLY_NO_CONFIG",
					"-DFOLLY_MOBILE=1",
					"-DFOLLY_USE_LIBCPP=1",
					"-DFOLLY_CFG_NO_COROUTINES=1",
					"-DFOLLY_HAVE_CLOCK_GETTIME=1",
				);
				OTHER_LDFLAGS = (
					"$(inherited)",
					" ",
				);
				REACT_NATIVE_PATH = "${PODS_ROOT}/../../node_modules/react-native";
				SDKROOT = iphoneos;
				USE_HERMES = true;
			};
			name = Debug;
		};
		83CBBA211A601CBA00E9B192 /* Release */ = {
			isa = XCBuildConfiguration;
			buildSettings = {
				ALWAYS_SEARCH_USER_PATHS = NO;
				CC = "";
				CLANG_ANALYZER_LOCALIZABILITY_NONLOCALIZED = YES;
				CLANG_CXX_LANGUAGE_STANDARD = "c++20";
				CLANG_CXX_LIBRARY = "libc++";
				CLANG_ENABLE_MODULES = YES;
				CLANG_ENABLE_OBJC_ARC = YES;
				CLANG_WARN_BLOCK_CAPTURE_AUTORELEASING = YES;
				CLANG_WARN_BOOL_CONVERSION = YES;
				CLANG_WARN_COMMA = YES;
				CLANG_WARN_CONSTANT_CONVERSION = YES;
				CLANG_WARN_DEPRECATED_OBJC_IMPLEMENTATIONS = YES;
				CLANG_WARN_DIRECT_OBJC_ISA_USAGE = YES_ERROR;
				CLANG_WARN_EMPTY_BODY = YES;
				CLANG_WARN_ENUM_CONVERSION = YES;
				CLANG_WARN_INFINITE_RECURSION = YES;
				CLANG_WARN_INT_CONVERSION = YES;
				CLANG_WARN_NON_LITERAL_NULL_CONVERSION = YES;
				CLANG_WARN_OBJC_IMPLICIT_RETAIN_SELF = YES;
				CLANG_WARN_OBJC_LITERAL_CONVERSION = YES;
				CLANG_WARN_OBJC_ROOT_CLASS = YES_ERROR;
				CLANG_WARN_QUOTED_INCLUDE_IN_FRAMEWORK_HEADER = YES;
				CLANG_WARN_RANGE_LOOP_ANALYSIS = YES;
				CLANG_WARN_STRICT_PROTOTYPES = YES;
				CLANG_WARN_SUSPICIOUS_MOVE = YES;
				CLANG_WARN_UNREACHABLE_CODE = YES;
				CLANG_WARN__DUPLICATE_METHOD_MATCH = YES;
				"CODE_SIGN_IDENTITY[sdk=iphoneos*]" = "iPhone Developer";
				COPY_PHASE_STRIP = YES;
				CXX = "";
				ENABLE_NS_ASSERTIONS = NO;
				ENABLE_STRICT_OBJC_MSGSEND = YES;
				"EXCLUDED_ARCHS[sdk=iphonesimulator*]" = "";
				GCC_C_LANGUAGE_STANDARD = gnu99;
				GCC_NO_COMMON_BLOCKS = YES;
				GCC_WARN_64_TO_32_BIT_CONVERSION = YES;
				GCC_WARN_ABOUT_RETURN_TYPE = YES_ERROR;
				GCC_WARN_UNDECLARED_SELECTOR = YES;
				GCC_WARN_UNINITIALIZED_AUTOS = YES_AGGRESSIVE;
				GCC_WARN_UNUSED_FUNCTION = YES;
				GCC_WARN_UNUSED_VARIABLE = YES;
				IPHONEOS_DEPLOYMENT_TARGET = 13.4;
				LD = "";
				LDPLUSPLUS = "";
				LD_RUNPATH_SEARCH_PATHS = (
					/usr/lib/swift,
					"$(inherited)",
				);
				LIBRARY_SEARCH_PATHS = (
					"\"$(SDKROOT)/usr/lib/swift\"",
					"\"$(TOOLCHAIN_DIR)/usr/lib/swift/$(PLATFORM_NAME)\"",
					"\"$(inherited)\"",
				);
				MTL_ENABLE_DEBUG_INFO = NO;
				OTHER_CPLUSPLUSFLAGS = (
					"$(OTHER_CFLAGS)",
					"-DFOLLY_NO_CONFIG",
					"-DFOLLY_MOBILE=1",
					"-DFOLLY_USE_LIBCPP=1",
					"-DFOLLY_CFG_NO_COROUTINES=1",
					"-DFOLLY_HAVE_CLOCK_GETTIME=1",
				);
				OTHER_LDFLAGS = (
					"$(inherited)",
					" ",
				);
				REACT_NATIVE_PATH = "${PODS_ROOT}/../../node_modules/react-native";
				SDKROOT = iphoneos;
				USE_HERMES = true;
				VALIDATE_PRODUCT = YES;
			};
			name = Release;
		};
/* End XCBuildConfiguration section */

/* Begin XCConfigurationList section */
		00E357021AD99517003FC87E /* Build configuration list for PBXNativeTarget "AlphaCargoTests" */ = {
			isa = XCConfigurationList;
			buildConfigurations = (
				00E356F61AD99517003FC87E /* Debug */,
				00E356F71AD99517003FC87E /* Release */,
			);
			defaultConfigurationIsVisible = 0;
			defaultConfigurationName = Release;
		};
		13B07F931A680F5B00A75B9A /* Build configuration list for PBXNativeTarget "AlphaCargo" */ = {
			isa = XCConfigurationList;
			buildConfigurations = (
				13B07F941A680F5B00A75B9A /* Debug */,
				13B07F951A680F5B00A75B9A /* Release */,
			);
			defaultConfigurationIsVisible = 0;
			defaultConfigurationName = Release;
		};
		83CBB9FA1A601CBA00E9B192 /* Build configuration list for PBXProject "AlphaCargo" */ = {
			isa = XCConfigurationList;
			buildConfigurations = (
				83CBBA201A601CBA00E9B192 /* Debug */,
				83CBBA211A601CBA00E9B192 /* Release */,
			);
			defaultConfigurationIsVisible = 0;
			defaultConfigurationName = Release;
		};
/* End XCConfigurationList section */
	};
	rootObject = 83CBB9F71A601CBA00E9B192 /* Project object */;
}
